
Microsoft Visual Studio Solution File, Format Version 12.00
# Visual Studio Version 17
VisualStudioVersion = 17.4.33110.190
MinimumVisualStudioVersion = 10.0.40219.1
Project("{FAE04EC0-301F-11D3-BF4B-00C04F79EFBC}") = "WebAppExam.MVC", "WebAppExam.MVC\WebAppExam.MVC.csproj", "{C24C77F9-BD8A-4FD9-8FFF-DE8ADC88EAC6}"
EndProject
Project("{FAE04EC0-301F-11D3-BF4B-00C04F79EFBC}") = "WebAppExam.Business", "WebAppExam.Business\WebAppExam.Business.csproj", "{A08A7A9D-3EA7-4B79-956A-442422B34561}"
EndProject
Project("{FAE04EC0-301F-11D3-BF4B-00C04F79EFBC}") = "WebAppExam.DAL", "WebAppExam.DAL\WebAppExam.DAL.csproj", "{4BBDC33E-FB71-45DC-936E-E59B30E0D58E}"
EndProject
Project("{FAE04EC0-301F-11D3-BF4B-00C04F79EFBC}") = "WebAppExam.Core", "WebAppExam.Core\WebAppExam.Core.csproj", "{43D74F24-7DE2-4B72-A59D-35D5ED006ECF}"
EndProject
Global
	GlobalSection(SolutionConfigurationPlatforms) = preSolution
		Debug|Any CPU = Debug|Any CPU
		Release|Any CPU = Release|Any CPU
	EndGlobalSection
	GlobalSection(ProjectConfigurationPlatforms) = postSolution
		{C24C77F9-BD8A-4FD9-8FFF-DE8ADC88EAC6}.Debug|Any CPU.ActiveCfg = Debug|Any CPU
		{C24C77F9-BD8A-4FD9-8FFF-DE8ADC88EAC6}.Debug|Any CPU.Build.0 = Debug|Any CPU
		{C24C77F9-BD8A-4FD9-8FFF-DE8ADC88EAC6}.Release|Any CPU.ActiveCfg = Release|Any CPU
		{C24C77F9-BD8A-4FD9-8FFF-DE8ADC88EAC6}.Release|Any CPU.Build.0 = Release|Any CPU
		{A08A7A9D-3EA7-4B79-956A-442422B34561}.Debug|Any CPU.ActiveCfg = Debug|Any CPU
		{A08A7A9D-3EA7-4B79-956A-442422B34561}.Debug|Any CPU.Build.0 = Debug|Any CPU
		{A08A7A9D-3EA7-4B79-956A-442422B34561}.Release|Any CPU.ActiveCfg = Release|Any CPU
		{A08A7A9D-3EA7-4B79-956A-442422B34561}.Release|Any CPU.Build.0 = Release|Any CPU
		{4BBDC33E-FB71-45DC-936E-E59B30E0D58E}.Debug|Any CPU.ActiveCfg = Debug|Any CPU
		{4BBDC33E-FB71-45DC-936E-E59B30E0D58E}.Debug|Any CPU.Build.0 = Debug|Any CPU
		{4BBDC33E-FB71-45DC-936E-E59B30E0D58E}.Release|Any CPU.ActiveCfg = Release|Any CPU
		{4BBDC33E-FB71-45DC-936E-E59B30E0D58E}.Release|Any CPU.Build.0 = Release|Any CPU
		{43D74F24-7DE2-4B72-A59D-35D5ED006ECF}.Debug|Any CPU.ActiveCfg = Debug|Any CPU
		{43D74F24-7DE2-4B72-A59D-35D5ED006ECF}.Debug|Any CPU.Build.0 = Debug|Any CPU
		{43D74F24-7DE2-4B72-A59D-35D5ED006ECF}.Release|Any CPU.ActiveCfg = Release|Any CPU
		{43D74F24-7DE2-4B72-A59D-35D5ED006ECF}.Release|Any CPU.Build.0 = Release|Any CPU
	EndGlobalSection
	GlobalSection(SolutionProperties) = preSolution
		HideSolutionNode = FALSE
	EndGlobalSection
	GlobalSection(ExtensibilityGlobals) = postSolution
		SolutionGuid = {3F3797B2-9CFD-4248-9A58-2C74D498EBCC}
	EndGlobalSection
EndGlobal
